
Microsoft Visual Studio Solution File, Format Version 12.00
# Visual Studio Version 17
VisualStudioVersion = 17.2.32526.322
MinimumVisualStudioVersion = 10.0.40219.1
Project("{FAE04EC0-301F-11D3-BF4B-00C04F79EFBC}") = "KurgerBingSiparisProje", "KurgerBingSiparisProje\KurgerBingSiparisProje.csproj", "{3FA8A645-113B-4272-8740-76D4604F960D}"
EndProject
Global
	GlobalSection(SolutionConfigurationPlatforms) = preSolution
		Debug|Any CPU = Debug|Any CPU
		Release|Any CPU = Release|Any CPU
	EndGlobalSection
	GlobalSection(ProjectConfigurationPlatforms) = postSolution
		{3FA8A645-113B-4272-8740-76D4604F960D}.Debug|Any CPU.ActiveCfg = Debug|Any CPU
		{3FA8A645-113B-4272-8740-76D4604F960D}.Debug|Any CPU.Build.0 = Debug|Any CPU
		{3FA8A645-113B-4272-8740-76D4604F960D}.Release|Any CPU.ActiveCfg = Release|Any CPU
		{3FA8A645-113B-4272-8740-76D4604F960D}.Release|Any CPU.Build.0 = Release|Any CPU
	EndGlobalSection
	GlobalSection(SolutionProperties) = preSolution
		HideSolutionNode = FALSE
	EndGlobalSection
	GlobalSection(ExtensibilityGlobals) = postSolution
		SolutionGuid = {F6069B15-0FCB-4262-A4AC-78B5B13A8386}
	EndGlobalSection
EndGlobal
